// !$*UTF8*$!
{
	archiveVersion = 1;
	classes = {
	};
	objectVersion = 56;
	objects = {

/* Begin PBXBuildFile section */
		7383EA972ADFDA0F00730DB7 /* CityScreenView.swift in Sources */ = {isa = PBXBuildFile; fileRef = 7383EA962ADFDA0F00730DB7 /* CityScreenView.swift */; };
		7383EA9A2ADFDCD400730DB7 /* CityScreenViewModel.swift in Sources */ = {isa = PBXBuildFile; fileRef = 7383EA992ADFDCD400730DB7 /* CityScreenViewModel.swift */; };
		7383EA9C2AE0075000730DB7 /* DetailView.swift in Sources */ = {isa = PBXBuildFile; fileRef = 7383EA9B2AE0075000730DB7 /* DetailView.swift */; };
		73A48CFC2ADD9B9D0065F7D7 /* ApiClient.swift in Sources */ = {isa = PBXBuildFile; fileRef = 73A48CFB2ADD9B9D0065F7D7 /* ApiClient.swift */; };
		73A48CFF2ADD9C480065F7D7 /* Constants.swift in Sources */ = {isa = PBXBuildFile; fileRef = 73A48CFE2ADD9C480065F7D7 /* Constants.swift */; };
		73A48D022ADDA2C20065F7D7 /* StringExtension.swift in Sources */ = {isa = PBXBuildFile; fileRef = 73A48D012ADDA2C20065F7D7 /* StringExtension.swift */; };
		73A48D052ADDA5190065F7D7 /* Localizable.strings in Resources */ = {isa = PBXBuildFile; fileRef = 73A48D042ADDA5190065F7D7 /* Localizable.strings */; };
		73A48D0A2ADE29820065F7D7 /* TodayWeather.swift in Sources */ = {isa = PBXBuildFile; fileRef = 73A48D092ADE29820065F7D7 /* TodayWeather.swift */; };
		73A48D0E2ADE3EF50065F7D7 /* HomeViewModel.swift in Sources */ = {isa = PBXBuildFile; fileRef = 73A48D0D2ADE3EF50065F7D7 /* HomeViewModel.swift */; };
		73A48D102ADE451C0065F7D7 /* HomeView.swift in Sources */ = {isa = PBXBuildFile; fileRef = 73A48D0F2ADE451C0065F7D7 /* HomeView.swift */; };
		73A48D132ADEB9AD0065F7D7 /* Extensions.swift in Sources */ = {isa = PBXBuildFile; fileRef = 73A48D122ADEB9AD0065F7D7 /* Extensions.swift */; };
		73A48D1C2ADEBE830065F7D7 /* CardView.swift in Sources */ = {isa = PBXBuildFile; fileRef = 73A48D1B2ADEBE830065F7D7 /* CardView.swift */; };
		73A48D202ADEE7160065F7D7 /* SearchResultsViewModel.swift in Sources */ = {isa = PBXBuildFile; fileRef = 73A48D1F2ADEE7160065F7D7 /* SearchResultsViewModel.swift */; };
		73A48D232ADEE84A0065F7D7 /* LocationManager.swift in Sources */ = {isa = PBXBuildFile; fileRef = 73A48D222ADEE84A0065F7D7 /* LocationManager.swift */; };
		73A48D252ADEE87C0065F7D7 /* MKCoordinateRegion+Extensions.swift in Sources */ = {isa = PBXBuildFile; fileRef = 73A48D242ADEE87C0065F7D7 /* MKCoordinateRegion+Extensions.swift */; };
		73D28EA32ADD4FC300851F88 /* WeatherAppApp.swift in Sources */ = {isa = PBXBuildFile; fileRef = 73D28EA22ADD4FC300851F88 /* WeatherAppApp.swift */; };
		73D28EA72ADD4FCB00851F88 /* Assets.xcassets in Resources */ = {isa = PBXBuildFile; fileRef = 73D28EA62ADD4FCB00851F88 /* Assets.xcassets */; };
		73D28EAA2ADD4FCB00851F88 /* Preview Assets.xcassets in Resources */ = {isa = PBXBuildFile; fileRef = 73D28EA92ADD4FCB00851F88 /* Preview Assets.xcassets */; };
		73D28EB42ADD4FCC00851F88 /* WeatherAppTests.swift in Sources */ = {isa = PBXBuildFile; fileRef = 73D28EB32ADD4FCC00851F88 /* WeatherAppTests.swift */; };
		73D28EBE2ADD4FCD00851F88 /* WeatherAppUITests.swift in Sources */ = {isa = PBXBuildFile; fileRef = 73D28EBD2ADD4FCD00851F88 /* WeatherAppUITests.swift */; };
		73D28EC02ADD4FCD00851F88 /* WeatherAppUITestsLaunchTests.swift in Sources */ = {isa = PBXBuildFile; fileRef = 73D28EBF2ADD4FCD00851F88 /* WeatherAppUITestsLaunchTests.swift */; };
/* End PBXBuildFile section */

/* Begin PBXContainerItemProxy section */
		73D28EB02ADD4FCC00851F88 /* PBXContainerItemProxy */ = {
			isa = PBXContainerItemProxy;
			containerPortal = 73D28E972ADD4FC300851F88 /* Project object */;
			proxyType = 1;
			remoteGlobalIDString = 73D28E9E2ADD4FC300851F88;
			remoteInfo = WeatherApp;
		};
		73D28EBA2ADD4FCD00851F88 /* PBXContainerItemProxy */ = {
			isa = PBXContainerItemProxy;
			containerPortal = 73D28E972ADD4FC300851F88 /* Project object */;
			proxyType = 1;
			remoteGlobalIDString = 73D28E9E2ADD4FC300851F88;
			remoteInfo = WeatherApp;
		};
/* End PBXContainerItemProxy section */

/* Begin PBXFileReference section */
		7383EA962ADFDA0F00730DB7 /* CityScreenView.swift */ = {isa = PBXFileReference; lastKnownFileType = sourcecode.swift; path = CityScreenView.swift; sourceTree = "<group>"; };
		7383EA992ADFDCD400730DB7 /* CityScreenViewModel.swift */ = {isa = PBXFileReference; lastKnownFileType = sourcecode.swift; path = CityScreenViewModel.swift; sourceTree = "<group>"; };
		7383EA9B2AE0075000730DB7 /* DetailView.swift */ = {isa = PBXFileReference; lastKnownFileType = sourcecode.swift; path = DetailView.swift; sourceTree = "<group>"; };
		73A48CFB2ADD9B9D0065F7D7 /* ApiClient.swift */ = {isa = PBXFileReference; lastKnownFileType = sourcecode.swift; path = ApiClient.swift; sourceTree = "<group>"; };
		73A48CFE2ADD9C480065F7D7 /* Constants.swift */ = {isa = PBXFileReference; lastKnownFileType = sourcecode.swift; path = Constants.swift; sourceTree = "<group>"; };
		73A48D012ADDA2C20065F7D7 /* StringExtension.swift */ = {isa = PBXFileReference; lastKnownFileType = sourcecode.swift; path = StringExtension.swift; sourceTree = "<group>"; };
		73A48D042ADDA5190065F7D7 /* Localizable.strings */ = {isa = PBXFileReference; lastKnownFileType = text.plist.strings; path = Localizable.strings; sourceTree = "<group>"; };
		73A48D092ADE29820065F7D7 /* TodayWeather.swift */ = {isa = PBXFileReference; lastKnownFileType = sourcecode.swift; path = TodayWeather.swift; sourceTree = "<group>"; };
		73A48D0D2ADE3EF50065F7D7 /* HomeViewModel.swift */ = {isa = PBXFileReference; lastKnownFileType = sourcecode.swift; path = HomeViewModel.swift; sourceTree = "<group>"; };
		73A48D0F2ADE451C0065F7D7 /* HomeView.swift */ = {isa = PBXFileReference; lastKnownFileType = sourcecode.swift; path = HomeView.swift; sourceTree = "<group>"; };
		73A48D112ADE51E80065F7D7 /* Info.plist */ = {isa = PBXFileReference; lastKnownFileType = text.plist; path = Info.plist; sourceTree = "<group>"; };
		73A48D122ADEB9AD0065F7D7 /* Extensions.swift */ = {isa = PBXFileReference; lastKnownFileType = sourcecode.swift; path = Extensions.swift; sourceTree = "<group>"; };
		73A48D1B2ADEBE830065F7D7 /* CardView.swift */ = {isa = PBXFileReference; lastKnownFileType = sourcecode.swift; path = CardView.swift; sourceTree = "<group>"; };
		73A48D1F2ADEE7160065F7D7 /* SearchResultsViewModel.swift */ = {isa = PBXFileReference; lastKnownFileType = sourcecode.swift; path = SearchResultsViewModel.swift; sourceTree = "<group>"; };
		73A48D222ADEE84A0065F7D7 /* LocationManager.swift */ = {isa = PBXFileReference; lastKnownFileType = sourcecode.swift; path = LocationManager.swift; sourceTree = "<group>"; };
		73A48D242ADEE87C0065F7D7 /* MKCoordinateRegion+Extensions.swift */ = {isa = PBXFileReference; lastKnownFileType = sourcecode.swift; path = "MKCoordinateRegion+Extensions.swift"; sourceTree = "<group>"; };
		73D28E9F2ADD4FC300851F88 /* WeatherApp.app */ = {isa = PBXFileReference; explicitFileType = wrapper.application; includeInIndex = 0; path = WeatherApp.app; sourceTree = BUILT_PRODUCTS_DIR; };
		73D28EA22ADD4FC300851F88 /* WeatherAppApp.swift */ = {isa = PBXFileReference; lastKnownFileType = sourcecode.swift; path = WeatherAppApp.swift; sourceTree = "<group>"; };
		73D28EA62ADD4FCB00851F88 /* Assets.xcassets */ = {isa = PBXFileReference; lastKnownFileType = folder.assetcatalog; path = Assets.xcassets; sourceTree = "<group>"; };
		73D28EA92ADD4FCB00851F88 /* Preview Assets.xcassets */ = {isa = PBXFileReference; lastKnownFileType = folder.assetcatalog; path = "Preview Assets.xcassets"; sourceTree = "<group>"; };
		73D28EAF2ADD4FCC00851F88 /* WeatherAppTests.xctest */ = {isa = PBXFileReference; explicitFileType = wrapper.cfbundle; includeInIndex = 0; path = WeatherAppTests.xctest; sourceTree = BUILT_PRODUCTS_DIR; };
		73D28EB32ADD4FCC00851F88 /* WeatherAppTests.swift */ = {isa = PBXFileReference; lastKnownFileType = sourcecode.swift; path = WeatherAppTests.swift; sourceTree = "<group>"; };
		73D28EB92ADD4FCD00851F88 /* WeatherAppUITests.xctest */ = {isa = PBXFileReference; explicitFileType = wrapper.cfbundle; includeInIndex = 0; path = WeatherAppUITests.xctest; sourceTree = BUILT_PRODUCTS_DIR; };
		73D28EBD2ADD4FCD00851F88 /* WeatherAppUITests.swift */ = {isa = PBXFileReference; lastKnownFileType = sourcecode.swift; path = WeatherAppUITests.swift; sourceTree = "<group>"; };
		73D28EBF2ADD4FCD00851F88 /* WeatherAppUITestsLaunchTests.swift */ = {isa = PBXFileReference; lastKnownFileType = sourcecode.swift; path = WeatherAppUITestsLaunchTests.swift; sourceTree = "<group>"; };
/* End PBXFileReference section */

/* Begin PBXFrameworksBuildPhase section */
		73D28E9C2ADD4FC300851F88 /* Frameworks */ = {
			isa = PBXFrameworksBuildPhase;
			buildActionMask = 2147483647;
			files = (
			);
			runOnlyForDeploymentPostprocessing = 0;
		};
		73D28EAC2ADD4FCC00851F88 /* Frameworks */ = {
			isa = PBXFrameworksBuildPhase;
			buildActionMask = 2147483647;
			files = (
			);
			runOnlyForDeploymentPostprocessing = 0;
		};
		73D28EB62ADD4FCD00851F88 /* Frameworks */ = {
			isa = PBXFrameworksBuildPhase;
			buildActionMask = 2147483647;
			files = (
			);
			runOnlyForDeploymentPostprocessing = 0;
		};
/* End PBXFrameworksBuildPhase section */

/* Begin PBXGroup section */
		7383EA932ADFD9D300730DB7 /* City */ = {
			isa = PBXGroup;
			children = (
				7383EA952ADFD9E700730DB7 /* Views */,
				7383EA942ADFD9DB00730DB7 /* ViewModel */,
			);
			path = City;
			sourceTree = "<group>";
		};
		7383EA942ADFD9DB00730DB7 /* ViewModel */ = {
			isa = PBXGroup;
			children = (
				7383EA992ADFDCD400730DB7 /* CityScreenViewModel.swift */,
			);
			path = ViewModel;
			sourceTree = "<group>";
		};
		7383EA952ADFD9E700730DB7 /* Views */ = {
			isa = PBXGroup;
			children = (
				7383EA962ADFDA0F00730DB7 /* CityScreenView.swift */,
				7383EA9B2AE0075000730DB7 /* DetailView.swift */,
			);
			path = Views;
			sourceTree = "<group>";
		};
		73A48CFA2ADD9B8C0065F7D7 /* ApiClient */ = {
			isa = PBXGroup;
			children = (
				73A48CFB2ADD9B9D0065F7D7 /* ApiClient.swift */,
				73A48D092ADE29820065F7D7 /* TodayWeather.swift */,
			);
			path = ApiClient;
			sourceTree = "<group>";
		};
		73A48CFD2ADD9C3A0065F7D7 /* Constants */ = {
			isa = PBXGroup;
			children = (
				73A48CFE2ADD9C480065F7D7 /* Constants.swift */,
			);
			path = Constants;
			sourceTree = "<group>";
		};
		73A48D002ADDA23B0065F7D7 /* Extension */ = {
			isa = PBXGroup;
			children = (
				73A48D012ADDA2C20065F7D7 /* StringExtension.swift */,
				73A48D122ADEB9AD0065F7D7 /* Extensions.swift */,
				73A48D242ADEE87C0065F7D7 /* MKCoordinateRegion+Extensions.swift */,
			);
			path = Extension;
			sourceTree = "<group>";
		};
		73A48D032ADDA2D30065F7D7 /* Localization */ = {
			isa = PBXGroup;
			children = (
				73A48D042ADDA5190065F7D7 /* Localizable.strings */,
			);
			path = Localization;
			sourceTree = "<group>";
		};
		73A48D0B2ADE3ED70065F7D7 /* Features */ = {
			isa = PBXGroup;
			children = (
				73A48D0C2ADE3EDD0065F7D7 /* Home */,
				7383EA932ADFD9D300730DB7 /* City */,
			);
			path = Features;
			sourceTree = "<group>";
		};
		73A48D0C2ADE3EDD0065F7D7 /* Home */ = {
			isa = PBXGroup;
			children = (
				73A48D152ADEBD5E0065F7D7 /* ViewModel */,
				73A48D142ADEBD530065F7D7 /* Views */,
			);
			path = Home;
			sourceTree = "<group>";
		};
		73A48D142ADEBD530065F7D7 /* Views */ = {
			isa = PBXGroup;
			children = (
				73A48D0F2ADE451C0065F7D7 /* HomeView.swift */,
				73A48D1B2ADEBE830065F7D7 /* CardView.swift */,
			);
			path = Views;
			sourceTree = "<group>";
		};
		73A48D152ADEBD5E0065F7D7 /* ViewModel */ = {
			isa = PBXGroup;
			children = (
				73A48D0D2ADE3EF50065F7D7 /* HomeViewModel.swift */,
				73A48D1F2ADEE7160065F7D7 /* SearchResultsViewModel.swift */,
			);
			path = ViewModel;
			sourceTree = "<group>";
		};
		73A48D212ADEE8140065F7D7 /* Utils */ = {
			isa = PBXGroup;
			children = (
				73A48D222ADEE84A0065F7D7 /* LocationManager.swift */,
			);
			path = Utils;
			sourceTree = "<group>";
		};
		73D28E962ADD4FC300851F88 = {
			isa = PBXGroup;
			children = (
				73D28EA12ADD4FC300851F88 /* WeatherApp */,
				73D28EB22ADD4FCC00851F88 /* WeatherAppTests */,
				73D28EBC2ADD4FCD00851F88 /* WeatherAppUITests */,
				73D28EA02ADD4FC300851F88 /* Products */,
			);
			sourceTree = "<group>";
		};
		73D28EA02ADD4FC300851F88 /* Products */ = {
			isa = PBXGroup;
			children = (
				73D28E9F2ADD4FC300851F88 /* WeatherApp.app */,
				73D28EAF2ADD4FCC00851F88 /* WeatherAppTests.xctest */,
				73D28EB92ADD4FCD00851F88 /* WeatherAppUITests.xctest */,
			);
			name = Products;
			sourceTree = "<group>";
		};
		73D28EA12ADD4FC300851F88 /* WeatherApp */ = {
			isa = PBXGroup;
			children = (
				73A48D212ADEE8140065F7D7 /* Utils */,
				73A48D112ADE51E80065F7D7 /* Info.plist */,
				73A48D0B2ADE3ED70065F7D7 /* Features */,
				73A48D032ADDA2D30065F7D7 /* Localization */,
				73A48D002ADDA23B0065F7D7 /* Extension */,
				73A48CFD2ADD9C3A0065F7D7 /* Constants */,
				73A48CFA2ADD9B8C0065F7D7 /* ApiClient */,
				73D28EA22ADD4FC300851F88 /* WeatherAppApp.swift */,
				73D28EA62ADD4FCB00851F88 /* Assets.xcassets */,
				73D28EA82ADD4FCB00851F88 /* Preview Content */,
			);
			path = WeatherApp;
			sourceTree = "<group>";
		};
		73D28EA82ADD4FCB00851F88 /* Preview Content */ = {
			isa = PBXGroup;
			children = (
				73D28EA92ADD4FCB00851F88 /* Preview Assets.xcassets */,
			);
			path = "Preview Content";
			sourceTree = "<group>";
		};
		73D28EB22ADD4FCC00851F88 /* WeatherAppTests */ = {
			isa = PBXGroup;
			children = (
				73D28EB32ADD4FCC00851F88 /* WeatherAppTests.swift */,
			);
			path = WeatherAppTests;
			sourceTree = "<group>";
		};
		73D28EBC2ADD4FCD00851F88 /* WeatherAppUITests */ = {
			isa = PBXGroup;
			children = (
				73D28EBD2ADD4FCD00851F88 /* WeatherAppUITests.swift */,
				73D28EBF2ADD4FCD00851F88 /* WeatherAppUITestsLaunchTests.swift */,
			);
			path = WeatherAppUITests;
			sourceTree = "<group>";
		};
/* End PBXGroup section */

/* Begin PBXNativeTarget section */
		73D28E9E2ADD4FC300851F88 /* WeatherApp */ = {
			isa = PBXNativeTarget;
			buildConfigurationList = 73D28EC32ADD4FCD00851F88 /* Build configuration list for PBXNativeTarget "WeatherApp" */;
			buildPhases = (
				73D28E9B2ADD4FC300851F88 /* Sources */,
				73D28E9C2ADD4FC300851F88 /* Frameworks */,
				73D28E9D2ADD4FC300851F88 /* Resources */,
			);
			buildRules = (
			);
			dependencies = (
			);
			name = WeatherApp;
			packageProductDependencies = (
			);
			productName = WeatherApp;
			productReference = 73D28E9F2ADD4FC300851F88 /* WeatherApp.app */;
			productType = "com.apple.product-type.application";
		};
		73D28EAE2ADD4FCC00851F88 /* WeatherAppTests */ = {
			isa = PBXNativeTarget;
			buildConfigurationList = 73D28EC62ADD4FCD00851F88 /* Build configuration list for PBXNativeTarget "WeatherAppTests" */;
			buildPhases = (
				73D28EAB2ADD4FCC00851F88 /* Sources */,
				73D28EAC2ADD4FCC00851F88 /* Frameworks */,
				73D28EAD2ADD4FCC00851F88 /* Resources */,
			);
			buildRules = (
			);
			dependencies = (
				73D28EB12ADD4FCC00851F88 /* PBXTargetDependency */,
			);
			name = WeatherAppTests;
			productName = WeatherAppTests;
			productReference = 73D28EAF2ADD4FCC00851F88 /* WeatherAppTests.xctest */;
			productType = "com.apple.product-type.bundle.unit-test";
		};
		73D28EB82ADD4FCD00851F88 /* WeatherAppUITests */ = {
			isa = PBXNativeTarget;
			buildConfigurationList = 73D28EC92ADD4FCD00851F88 /* Build configuration list for PBXNativeTarget "WeatherAppUITests" */;
			buildPhases = (
				73D28EB52ADD4FCD00851F88 /* Sources */,
				73D28EB62ADD4FCD00851F88 /* Frameworks */,
				73D28EB72ADD4FCD00851F88 /* Resources */,
			);
			buildRules = (
			);
			dependencies = (
				73D28EBB2ADD4FCD00851F88 /* PBXTargetDependency */,
			);
			name = WeatherAppUITests;
			productName = WeatherAppUITests;
			productReference = 73D28EB92ADD4FCD00851F88 /* WeatherAppUITests.xctest */;
			productType = "com.apple.product-type.bundle.ui-testing";
		};
/* End PBXNativeTarget section */

/* Begin PBXProject section */
		73D28E972ADD4FC300851F88 /* Project object */ = {
			isa = PBXProject;
			attributes = {
				BuildIndependentTargetsInParallel = 1;
				LastSwiftUpdateCheck = 1410;
				LastUpgradeCheck = 1410;
				TargetAttributes = {
					73D28E9E2ADD4FC300851F88 = {
						CreatedOnToolsVersion = 14.1;
					};
					73D28EAE2ADD4FCC00851F88 = {
						CreatedOnToolsVersion = 14.1;
						TestTargetID = 73D28E9E2ADD4FC300851F88;
					};
					73D28EB82ADD4FCD00851F88 = {
						CreatedOnToolsVersion = 14.1;
						TestTargetID = 73D28E9E2ADD4FC300851F88;
					};
				};
			};
			buildConfigurationList = 73D28E9A2ADD4FC300851F88 /* Build configuration list for PBXProject "WeatherApp" */;
			compatibilityVersion = "Xcode 14.0";
			developmentRegion = en;
			hasScannedForEncodings = 0;
			knownRegions = (
				en,
				Base,
			);
			mainGroup = 73D28E962ADD4FC300851F88;
			packageReferences = (
			);
			productRefGroup = 73D28EA02ADD4FC300851F88 /* Products */;
			projectDirPath = "";
			projectRoot = "";
			targets = (
				73D28E9E2ADD4FC300851F88 /* WeatherApp */,
				73D28EAE2ADD4FCC00851F88 /* WeatherAppTests */,
				73D28EB82ADD4FCD00851F88 /* WeatherAppUITests */,
			);
		};
/* End PBXProject section */

/* Begin PBXResourcesBuildPhase section */
		73D28E9D2ADD4FC300851F88 /* Resources */ = {
			isa = PBXResourcesBuildPhase;
			buildActionMask = 2147483647;
			files = (
				73D28EAA2ADD4FCB00851F88 /* Preview Assets.xcassets in Resources */,
				73A48D052ADDA5190065F7D7 /* Localizable.strings in Resources */,
				73D28EA72ADD4FCB00851F88 /* Assets.xcassets in Resources */,
			);
			runOnlyForDeploymentPostprocessing = 0;
		};
		73D28EAD2ADD4FCC00851F88 /* Resources */ = {
			isa = PBXResourcesBuildPhase;
			buildActionMask = 2147483647;
			files = (
			);
			runOnlyForDeploymentPostprocessing = 0;
		};
		73D28EB72ADD4FCD00851F88 /* Resources */ = {
			isa = PBXResourcesBuildPhase;
			buildActionMask = 2147483647;
			files = (
			);
			runOnlyForDeploymentPostprocessing = 0;
		};
/* End PBXResourcesBuildPhase section */

/* Begin PBXSourcesBuildPhase section */
		73D28E9B2ADD4FC300851F88 /* Sources */ = {
			isa = PBXSourcesBuildPhase;
			buildActionMask = 2147483647;
			files = (
				73D28EA32ADD4FC300851F88 /* WeatherAppApp.swift in Sources */,
				73A48D202ADEE7160065F7D7 /* SearchResultsViewModel.swift in Sources */,
				7383EA972ADFDA0F00730DB7 /* CityScreenView.swift in Sources */,
				73A48D252ADEE87C0065F7D7 /* MKCoordinateRegion+Extensions.swift in Sources */,
				73A48D0E2ADE3EF50065F7D7 /* HomeViewModel.swift in Sources */,
				7383EA9A2ADFDCD400730DB7 /* CityScreenViewModel.swift in Sources */,
				73A48D022ADDA2C20065F7D7 /* StringExtension.swift in Sources */,
				73A48D132ADEB9AD0065F7D7 /* Extensions.swift in Sources */,
				73A48CFC2ADD9B9D0065F7D7 /* ApiClient.swift in Sources */,
				73A48D102ADE451C0065F7D7 /* HomeView.swift in Sources */,
				73A48D232ADEE84A0065F7D7 /* LocationManager.swift in Sources */,
				73A48D0A2ADE29820065F7D7 /* TodayWeather.swift in Sources */,
				73A48D1C2ADEBE830065F7D7 /* CardView.swift in Sources */,
				7383EA9C2AE0075000730DB7 /* DetailView.swift in Sources */,
				73A48CFF2ADD9C480065F7D7 /* Constants.swift in Sources */,
			);
			runOnlyForDeploymentPostprocessing = 0;
		};
		73D28EAB2ADD4FCC00851F88 /* Sources */ = {
			isa = PBXSourcesBuildPhase;
			buildActionMask = 2147483647;
			files = (
				73D28EB42ADD4FCC00851F88 /* WeatherAppTests.swift in Sources */,
			);
			runOnlyForDeploymentPostprocessing = 0;
		};
		73D28EB52ADD4FCD00851F88 /* Sources */ = {
			isa = PBXSourcesBuildPhase;
			buildActionMask = 2147483647;
			files = (
				73D28EBE2ADD4FCD00851F88 /* WeatherAppUITests.swift in Sources */,
				73D28EC02ADD4FCD00851F88 /* WeatherAppUITestsLaunchTests.swift in Sources */,
			);
			runOnlyForDeploymentPostprocessing = 0;
		};
/* End PBXSourcesBuildPhase section */

/* Begin PBXTargetDependency section */
		73D28EB12ADD4FCC00851F88 /* PBXTargetDependency */ = {
			isa = PBXTargetDependency;
			target = 73D28E9E2ADD4FC300851F88 /* WeatherApp */;
			targetProxy = 73D28EB02ADD4FCC00851F88 /* PBXContainerItemProxy */;
		};
		73D28EBB2ADD4FCD00851F88 /* PBXTargetDependency */ = {
			isa = PBXTargetDependency;
			target = 73D28E9E2ADD4FC300851F88 /* WeatherApp */;
			targetProxy = 73D28EBA2ADD4FCD00851F88 /* PBXContainerItemProxy */;
		};
/* End PBXTargetDependency section */

/* Begin XCBuildConfiguration section */
		73D28EC12ADD4FCD00851F88 /* Debug */ = {
			isa = XCBuildConfiguration;
			buildSettings = {
				ALWAYS_SEARCH_USER_PATHS = NO;
				CLANG_ANALYZER_NONNULL = YES;
				CLANG_ANALYZER_NUMBER_OBJECT_CONVERSION = YES_AGGRESSIVE;
				CLANG_CXX_LANGUAGE_STANDARD = "gnu++20";
				CLANG_ENABLE_MODULES = YES;
				CLANG_ENABLE_OBJC_ARC = YES;
				CLANG_ENABLE_OBJC_WEAK = YES;
				CLANG_WARN_BLOCK_CAPTURE_AUTORELEASING = YES;
				CLANG_WARN_BOOL_CONVERSION = YES;
				CLANG_WARN_COMMA = YES;
				CLANG_WARN_CONSTANT_CONVERSION = YES;
				CLANG_WARN_DEPRECATED_OBJC_IMPLEMENTATIONS = YES;
				CLANG_WARN_DIRECT_OBJC_ISA_USAGE = YES_ERROR;
				CLANG_WARN_DOCUMENTATION_COMMENTS = YES;
				CLANG_WARN_EMPTY_BODY = YES;
				CLANG_WARN_ENUM_CONVERSION = YES;
				CLANG_WARN_INFINITE_RECURSION = YES;
				CLANG_WARN_INT_CONVERSION = YES;
				CLANG_WARN_NON_LITERAL_NULL_CONVERSION = YES;
				CLANG_WARN_OBJC_IMPLICIT_RETAIN_SELF = YES;
				CLANG_WARN_OBJC_LITERAL_CONVERSION = YES;
				CLANG_WARN_OBJC_ROOT_CLASS = YES_ERROR;
				CLANG_WARN_QUOTED_INCLUDE_IN_FRAMEWORK_HEADER = YES;
				CLANG_WARN_RANGE_LOOP_ANALYSIS = YES;
				CLANG_WARN_STRICT_PROTOTYPES = YES;
				CLANG_WARN_SUSPICIOUS_MOVE = YES;
				CLANG_WARN_UNGUARDED_AVAILABILITY = YES_AGGRESSIVE;
				CLANG_WARN_UNREACHABLE_CODE = YES;
				CLANG_WARN__DUPLICATE_METHOD_MATCH = YES;
				COPY_PHASE_STRIP = NO;
				DEBUG_INFORMATION_FORMAT = dwarf;
				ENABLE_STRICT_OBJC_MSGSEND = YES;
				ENABLE_TESTABILITY = YES;
				GCC_C_LANGUAGE_STANDARD = gnu11;
				GCC_DYNAMIC_NO_PIC = NO;
				GCC_NO_COMMON_BLOCKS = YES;
				GCC_OPTIMIZATION_LEVEL = 0;
				GCC_PREPROCESSOR_DEFINITIONS = (
					"DEBUG=1",
					"$(inherited)",
				);
				GCC_WARN_64_TO_32_BIT_CONVERSION = YES;
				GCC_WARN_ABOUT_RETURN_TYPE = YES_ERROR;
				GCC_WARN_UNDECLARED_SELECTOR = YES;
				GCC_WARN_UNINITIALIZED_AUTOS = YES_AGGRESSIVE;
				GCC_WARN_UNUSED_FUNCTION = YES;
				GCC_WARN_UNUSED_VARIABLE = YES;
				IPHONEOS_DEPLOYMENT_TARGET = 16.1;
				MTL_ENABLE_DEBUG_INFO = INCLUDE_SOURCE;
				MTL_FAST_MATH = YES;
				ONLY_ACTIVE_ARCH = YES;
				SDKROOT = iphoneos;
				SWIFT_ACTIVE_COMPILATION_CONDITIONS = DEBUG;
				SWIFT_OPTIMIZATION_LEVEL = "-Onone";
			};
			name = Debug;
		};
		73D28EC22ADD4FCD00851F88 /* Release */ = {
			isa = XCBuildConfiguration;
			buildSettings = {
				ALWAYS_SEARCH_USER_PATHS = NO;
				CLANG_ANALYZER_NONNULL = YES;
				CLANG_ANALYZER_NUMBER_OBJECT_CONVERSION = YES_AGGRESSIVE;
				CLANG_CXX_LANGUAGE_STANDARD = "gnu++20";
				CLANG_ENABLE_MODULES = YES;
				CLANG_ENABLE_OBJC_ARC = YES;
				CLANG_ENABLE_OBJC_WEAK = YES;
				CLANG_WARN_BLOCK_CAPTURE_AUTORELEASING = YES;
				CLANG_WARN_BOOL_CONVERSION = YES;
				CLANG_WARN_COMMA = YES;
				CLANG_WARN_CONSTANT_CONVERSION = YES;
				CLANG_WARN_DEPRECATED_OBJC_IMPLEMENTATIONS = YES;
				CLANG_WARN_DIRECT_OBJC_ISA_USAGE = YES_ERROR;
				CLANG_WARN_DOCUMENTATION_COMMENTS = YES;
				CLANG_WARN_EMPTY_BODY = YES;
				CLANG_WARN_ENUM_CONVERSION = YES;
				CLANG_WARN_INFINITE_RECURSION = YES;
				CLANG_WARN_INT_CONVERSION = YES;
				CLANG_WARN_NON_LITERAL_NULL_CONVERSION = YES;
				CLANG_WARN_OBJC_IMPLICIT_RETAIN_SELF = YES;
				CLANG_WARN_OBJC_LITERAL_CONVERSION = YES;
				CLANG_WARN_OBJC_ROOT_CLASS = YES_ERROR;
				CLANG_WARN_QUOTED_INCLUDE_IN_FRAMEWORK_HEADER = YES;
				CLANG_WARN_RANGE_LOOP_ANALYSIS = YES;
				CLANG_WARN_STRICT_PROTOTYPES = YES;
				CLANG_WARN_SUSPICIOUS_MOVE = YES;
				CLANG_WARN_UNGUARDED_AVAILABILITY = YES_AGGRESSIVE;
				CLANG_WARN_UNREACHABLE_CODE = YES;
				CLANG_WARN__DUPLICATE_METHOD_MATCH = YES;
				COPY_PHASE_STRIP = NO;
				DEBUG_INFORMATION_FORMAT = "dwarf-with-dsym";
				ENABLE_NS_ASSERTIONS = NO;
				ENABLE_STRICT_OBJC_MSGSEND = YES;
				GCC_C_LANGUAGE_STANDARD = gnu11;
				GCC_NO_COMMON_BLOCKS = YES;
				GCC_WARN_64_TO_32_BIT_CONVERSION = YES;
				GCC_WARN_ABOUT_RETURN_TYPE = YES_ERROR;
				GCC_WARN_UNDECLARED_SELECTOR = YES;
				GCC_WARN_UNINITIALIZED_AUTOS = YES_AGGRESSIVE;
				GCC_WARN_UNUSED_FUNCTION = YES;
				GCC_WARN_UNUSED_VARIABLE = YES;
				IPHONEOS_DEPLOYMENT_TARGET = 16.1;
				MTL_ENABLE_DEBUG_INFO = NO;
				MTL_FAST_MATH = YES;
				SDKROOT = iphoneos;
				SWIFT_COMPILATION_MODE = wholemodule;
				SWIFT_OPTIMIZATION_LEVEL = "-O";
				VALIDATE_PRODUCT = YES;
			};
			name = Release;
		};
		73D28EC42ADD4FCD00851F88 /* Debug */ = {
			isa = XCBuildConfiguration;
			buildSettings = {
				ASSETCATALOG_COMPILER_APPICON_NAME = AppIcon;
				ASSETCATALOG_COMPILER_GLOBAL_ACCENT_COLOR_NAME = AccentColor;
				CODE_SIGN_STYLE = Automatic;
				CURRENT_PROJECT_VERSION = 1;
				DEVELOPMENT_ASSET_PATHS = "\"WeatherApp/Preview Content\"";
				ENABLE_PREVIEWS = YES;
				GENERATE_INFOPLIST_FILE = YES;
				INFOPLIST_FILE = WeatherApp/Info.plist;
				INFOPLIST_KEY_UIApplicationSceneManifest_Generation = YES;
				INFOPLIST_KEY_UIApplicationSupportsIndirectInputEvents = YES;
				INFOPLIST_KEY_UILaunchScreen_Generation = YES;
				INFOPLIST_KEY_UISupportedInterfaceOrientations_iPad = "UIInterfaceOrientationPortrait UIInterfaceOrientationPortraitUpsideDown UIInterfaceOrientationLandscapeLeft UIInterfaceOrientationLandscapeRight";
				INFOPLIST_KEY_UISupportedInterfaceOrientations_iPhone = "UIInterfaceOrientationPortrait UIInterfaceOrientationLandscapeLeft UIInterfaceOrientationLandscapeRight";
				LD_RUNPATH_SEARCH_PATHS = (
					"$(inherited)",
					"@executable_path/Frameworks",
				);
				MARKETING_VERSION = 1.0;
				PRODUCT_BUNDLE_IDENTIFIER = com.demo.WeatherApp;
				PRODUCT_NAME = "$(TARGET_NAME)";
				SWIFT_EMIT_LOC_STRINGS = YES;
				SWIFT_VERSION = 5.0;
				TARGETED_DEVICE_FAMILY = "1,2";
			};
			name = Debug;
		};
		73D28EC52ADD4FCD00851F88 /* Release */ = {
			isa = XCBuildConfiguration;
			buildSettings = {
				ASSETCATALOG_COMPILER_APPICON_NAME = AppIcon;
				ASSETCATALOG_COMPILER_GLOBAL_ACCENT_COLOR_NAME = AccentColor;
				CODE_SIGN_STYLE = Automatic;
				CURRENT_PROJECT_VERSION = 1;
				DEVELOPMENT_ASSET_PATHS = "\"WeatherApp/Preview Content\"";
				ENABLE_PREVIEWS = YES;
				GENERATE_INFOPLIST_FILE = YES;
				INFOPLIST_FILE = WeatherApp/Info.plist;
				INFOPLIST_KEY_UIApplicationSceneManifest_Generation = YES;
				INFOPLIST_KEY_UIApplicationSupportsIndirectInputEvents = YES;
				INFOPLIST_KEY_UILaunchScreen_Generation = YES;
				INFOPLIST_KEY_UISupportedInterfaceOrientations_iPad = "UIInterfaceOrientationPortrait UIInterfaceOrientationPortraitUpsideDown UIInterfaceOrientationLandscapeLeft UIInterfaceOrientationLandscapeRight";
				INFOPLIST_KEY_UISupportedInterfaceOrientations_iPhone = "UIInterfaceOrientationPortrait UIInterfaceOrientationLandscapeLeft UIInterfaceOrientationLandscapeRight";
				LD_RUNPATH_SEARCH_PATHS = (
					"$(inherited)",
					"@executable_path/Frameworks",
				);
				MARKETING_VERSION = 1.0;
				PRODUCT_BUNDLE_IDENTIFIER = com.demo.WeatherApp;
				PRODUCT_NAME = "$(TARGET_NAME)";
				SWIFT_EMIT_LOC_STRINGS = YES;
				SWIFT_VERSION = 5.0;
				TARGETED_DEVICE_FAMILY = "1,2";
			};
			name = Release;
		};
		73D28EC72ADD4FCD00851F88 /* Debug */ = {
			isa = XCBuildConfiguration;
			buildSettings = {
				ALWAYS_EMBED_SWIFT_STANDARD_LIBRARIES = YES;
				BUNDLE_LOADER = "$(TEST_HOST)";
				CODE_SIGN_STYLE = Automatic;
				CURRENT_PROJECT_VERSION = 1;
				GENERATE_INFOPLIST_FILE = YES;
				IPHONEOS_DEPLOYMENT_TARGET = 16.1;
				MARKETING_VERSION = 1.0;
				PRODUCT_BUNDLE_IDENTIFIER = com.demo.WeatherAppTests;
				PRODUCT_NAME = "$(TARGET_NAME)";
				SWIFT_EMIT_LOC_STRINGS = NO;
				SWIFT_VERSION = 5.0;
				TARGETED_DEVICE_FAMILY = "1,2";
				TEST_HOST = "$(BUILT_PRODUCTS_DIR)/WeatherApp.app/$(BUNDLE_EXECUTABLE_FOLDER_PATH)/WeatherApp";
			};
			name = Debug;
		};
		73D28EC82ADD4FCD00851F88 /* Release */ = {
			isa = XCBuildConfiguration;
			buildSettings = {
				ALWAYS_EMBED_SWIFT_STANDARD_LIBRARIES = YES;
				BUNDLE_LOADER = "$(TEST_HOST)";
				CODE_SIGN_STYLE = Automatic;
				CURRENT_PROJECT_VERSION = 1;
				GENERATE_INFOPLIST_FILE = YES;
				IPHONEOS_DEPLOYMENT_TARGET = 16.1;
				MARKETING_VERSION = 1.0;
				PRODUCT_BUNDLE_IDENTIFIER = com.demo.WeatherAppTests;
				PRODUCT_NAME = "$(TARGET_NAME)";
				SWIFT_EMIT_LOC_STRINGS = NO;
				SWIFT_VERSION = 5.0;
				TARGETED_DEVICE_FAMILY = "1,2";
				TEST_HOST = "$(BUILT_PRODUCTS_DIR)/WeatherApp.app/$(BUNDLE_EXECUTABLE_FOLDER_PATH)/WeatherApp";
			};
			name = Release;
		};
		73D28ECA2ADD4FCD00851F88 /* Debug */ = {
			isa = XCBuildConfiguration;
			buildSettings = {
				ALWAYS_EMBED_SWIFT_STANDARD_LIBRARIES = YES;
				CODE_SIGN_STYLE = Automatic;
				CURRENT_PROJECT_VERSION = 1;
				GENERATE_INFOPLIST_FILE = YES;
				MARKETING_VERSION = 1.0;
				PRODUCT_BUNDLE_IDENTIFIER = com.demo.WeatherAppUITests;
				PRODUCT_NAME = "$(TARGET_NAME)";
				SWIFT_EMIT_LOC_STRINGS = NO;
				SWIFT_VERSION = 5.0;
				TARGETED_DEVICE_FAMILY = "1,2";
				TEST_TARGET_NAME = WeatherApp;
			};
			name = Debug;
		};
		73D28ECB2ADD4FCD00851F88 /* Release */ = {
			isa = XCBuildConfiguration;
			buildSettings = {
				ALWAYS_EMBED_SWIFT_STANDARD_LIBRARIES = YES;
				CODE_SIGN_STYLE = Automatic;
				CURRENT_PROJECT_VERSION = 1;
				GENERATE_INFOPLIST_FILE = YES;
				MARKETING_VERSION = 1.0;
				PRODUCT_BUNDLE_IDENTIFIER = com.demo.WeatherAppUITests;
				PRODUCT_NAME = "$(TARGET_NAME)";
				SWIFT_EMIT_LOC_STRINGS = NO;
				SWIFT_VERSION = 5.0;
				TARGETED_DEVICE_FAMILY = "1,2";
				TEST_TARGET_NAME = WeatherApp;
			};
			name = Release;
		};
/* End XCBuildConfiguration section */

/* Begin XCConfigurationList section */
		73D28E9A2ADD4FC300851F88 /* Build configuration list for PBXProject "WeatherApp" */ = {
			isa = XCConfigurationList;
			buildConfigurations = (
				73D28EC12ADD4FCD00851F88 /* Debug */,
				73D28EC22ADD4FCD00851F88 /* Release */,
			);
			defaultConfigurationIsVisible = 0;
			defaultConfigurationName = Release;
		};
		73D28EC32ADD4FCD00851F88 /* Build configuration list for PBXNativeTarget "WeatherApp" */ = {
			isa = XCConfigurationList;
			buildConfigurations = (
				73D28EC42ADD4FCD00851F88 /* Debug */,
				73D28EC52ADD4FCD00851F88 /* Release */,
			);
			defaultConfigurationIsVisible = 0;
			defaultConfigurationName = Release;
		};
		73D28EC62ADD4FCD00851F88 /* Build configuration list for PBXNativeTarget "WeatherAppTests" */ = {
			isa = XCConfigurationList;
			buildConfigurations = (
				73D28EC72ADD4FCD00851F88 /* Debug */,
				73D28EC82ADD4FCD00851F88 /* Release */,
			);
			defaultConfigurationIsVisible = 0;
			defaultConfigurationName = Release;
		};
		73D28EC92ADD4FCD00851F88 /* Build configuration list for PBXNativeTarget "WeatherAppUITests" */ = {
			isa = XCConfigurationList;
			buildConfigurations = (
				73D28ECA2ADD4FCD00851F88 /* Debug */,
				73D28ECB2ADD4FCD00851F88 /* Release */,
			);
			defaultConfigurationIsVisible = 0;
			defaultConfigurationName = Release;
		};
/* End XCConfigurationList section */
	};
	rootObject = 73D28E972ADD4FC300851F88 /* Project object */;
}
